
Microsoft Visual Studio Solution File, Format Version 12.00
# Visual Studio 15
VisualStudioVersion = 15.0.27428.1
MinimumVisualStudioVersion = 10.0.40219.1
Project("{FAE04EC0-301F-11D3-BF4B-00C04F79EFBC}") = "WineFridge", "WineFridge\WineFridge.csproj", "{949C39F4-D8E8-4724-80F2-E44FA915BB1C}"
EndProject
Global
	GlobalSection(SolutionConfigurationPlatforms) = preSolution
		Debug|Any CPU = Debug|Any CPU
		Release|Any CPU = Release|Any CPU
	EndGlobalSection
	GlobalSection(ProjectConfigurationPlatforms) = postSolution
		{949C39F4-D8E8-4724-80F2-E44FA915BB1C}.Debug|Any CPU.ActiveCfg = Debug|Any CPU
		{949C39F4-D8E8-4724-80F2-E44FA915BB1C}.Debug|Any CPU.Build.0 = Debug|Any CPU
		{949C39F4-D8E8-4724-80F2-E44FA915BB1C}.Release|Any CPU.ActiveCfg = Release|Any CPU
		{949C39F4-D8E8-4724-80F2-E44FA915BB1C}.Release|Any CPU.Build.0 = Release|Any CPU
	EndGlobalSection
	GlobalSection(SolutionProperties) = preSolution
		HideSolutionNode = FALSE
	EndGlobalSection
	GlobalSection(ExtensibilityGlobals) = postSolution
		SolutionGuid = {D616B3BE-A87B-4AD2-B8CD-A5478C7C6C55}
	EndGlobalSection
EndGlobal
